// !$*UTF8*$!
{
	archiveVersion = 1;
	classes = {
	};
	objectVersion = 46;
	objects = {

/* Begin PBXBuildFile section */
		431D350C1D271E9A00AA78E6 /* StringConstants.swift in Sources */ = {isa = PBXBuildFile; fileRef = 431D350B1D271E9A00AA78E6 /* StringConstants.swift */; };
		431D350E1D271F7800AA78E6 /* QuestionBank.swift in Sources */ = {isa = PBXBuildFile; fileRef = 431D350D1D271F7800AA78E6 /* QuestionBank.swift */; };
		43705B921D0A25E60041A5B4 /* FinishScreenViewController.swift in Sources */ = {isa = PBXBuildFile; fileRef = 43705B911D0A25E60041A5B4 /* FinishScreenViewController.swift */; };
		43BEC0A81CE9778F00CA2896 /* AppDelegate.swift in Sources */ = {isa = PBXBuildFile; fileRef = 43BEC0A71CE9778F00CA2896 /* AppDelegate.swift */; };
		43BEC0AA1CE9778F00CA2896 /* QuizViewController.swift in Sources */ = {isa = PBXBuildFile; fileRef = 43BEC0A91CE9778F00CA2896 /* QuizViewController.swift */; };
		43BEC0AD1CE9778F00CA2896 /* Main.storyboard in Resources */ = {isa = PBXBuildFile; fileRef = 43BEC0AB1CE9778F00CA2896 /* Main.storyboard */; };
		43BEC0AF1CE9778F00CA2896 /* Assets.xcassets in Resources */ = {isa = PBXBuildFile; fileRef = 43BEC0AE1CE9778F00CA2896 /* Assets.xcassets */; };
		43BEC0B21CE9778F00CA2896 /* LaunchScreen.storyboard in Resources */ = {isa = PBXBuildFile; fileRef = 43BEC0B01CE9778F00CA2896 /* LaunchScreen.storyboard */; };
		43BEC0BA1CE97A9400CA2896 /* QuizModel.swift in Sources */ = {isa = PBXBuildFile; fileRef = 43BEC0B91CE97A9400CA2896 /* QuizModel.swift */; };
		CD8532721CF160B6000DDBB8 /* Sign.swift in Sources */ = {isa = PBXBuildFile; fileRef = CD8532711CF160B6000DDBB8 /* Sign.swift */; };
/* End PBXBuildFile section */

/* Begin PBXFileReference section */
		431D350B1D271E9A00AA78E6 /* StringConstants.swift */ = {isa = PBXFileReference; fileEncoding = 4; lastKnownFileType = sourcecode.swift; path = StringConstants.swift; sourceTree = "<group>"; };
		431D350D1D271F7800AA78E6 /* QuestionBank.swift */ = {isa = PBXFileReference; fileEncoding = 4; lastKnownFileType = sourcecode.swift; path = QuestionBank.swift; sourceTree = "<group>"; };
		43705B911D0A25E60041A5B4 /* FinishScreenViewController.swift */ = {isa = PBXFileReference; fileEncoding = 4; lastKnownFileType = sourcecode.swift; path = FinishScreenViewController.swift; sourceTree = "<group>"; };
		43BEC0A41CE9778F00CA2896 /* LearnersQuiz.app */ = {isa = PBXFileReference; explicitFileType = wrapper.application; includeInIndex = 0; path = LearnersQuiz.app; sourceTree = BUILT_PRODUCTS_DIR; };
		43BEC0A71CE9778F00CA2896 /* AppDelegate.swift */ = {isa = PBXFileReference; lastKnownFileType = sourcecode.swift; path = AppDelegate.swift; sourceTree = "<group>"; };
		43BEC0A91CE9778F00CA2896 /* QuizViewController.swift */ = {isa = PBXFileReference; lastKnownFileType = sourcecode.swift; path = QuizViewController.swift; sourceTree = "<group>"; };
		43BEC0AC1CE9778F00CA2896 /* Base */ = {isa = PBXFileReference; lastKnownFileType = file.storyboard; name = Base; path = Base.lproj/Main.storyboard; sourceTree = "<group>"; };
		43BEC0AE1CE9778F00CA2896 /* Assets.xcassets */ = {isa = PBXFileReference; lastKnownFileType = folder.assetcatalog; path = Assets.xcassets; sourceTree = "<group>"; };
		43BEC0B11CE9778F00CA2896 /* Base */ = {isa = PBXFileReference; lastKnownFileType = file.storyboard; name = Base; path = Base.lproj/LaunchScreen.storyboard; sourceTree = "<group>"; };
		43BEC0B31CE9778F00CA2896 /* Info.plist */ = {isa = PBXFileReference; lastKnownFileType = text.plist.xml; path = Info.plist; sourceTree = "<group>"; };
		43BEC0B91CE97A9400CA2896 /* QuizModel.swift */ = {isa = PBXFileReference; fileEncoding = 4; lastKnownFileType = sourcecode.swift; path = QuizModel.swift; sourceTree = "<group>"; };
		CD8532711CF160B6000DDBB8 /* Sign.swift */ = {isa = PBXFileReference; fileEncoding = 4; lastKnownFileType = sourcecode.swift; path = Sign.swift; sourceTree = "<group>"; };
/* End PBXFileReference section */

/* Begin PBXFrameworksBuildPhase section */
		43BEC0A11CE9778F00CA2896 /* Frameworks */ = {
			isa = PBXFrameworksBuildPhase;
			buildActionMask = 2147483647;
			files = (
			);
			runOnlyForDeploymentPostprocessing = 0;
		};
/* End PBXFrameworksBuildPhase section */

/* Begin PBXGroup section */
		431D35101D27209600AA78E6 /* Data */ = {
			isa = PBXGroup;
			children = (
				431D350D1D271F7800AA78E6 /* QuestionBank.swift */,
				431D350B1D271E9A00AA78E6 /* StringConstants.swift */,
				CD8532711CF160B6000DDBB8 /* Sign.swift */,
			);
			name = Data;
			sourceTree = "<group>";
		};
		431D35121D2720D400AA78E6 /* View Controllers */ = {
			isa = PBXGroup;
			children = (
				43BEC0A91CE9778F00CA2896 /* QuizViewController.swift */,
				43705B911D0A25E60041A5B4 /* FinishScreenViewController.swift */,
			);
			name = "View Controllers";
			sourceTree = "<group>";
		};
		431D35131D2720F700AA78E6 /* Models */ = {
			isa = PBXGroup;
			children = (
				43BEC0B91CE97A9400CA2896 /* QuizModel.swift */,
			);
			name = Models;
			sourceTree = "<group>";
		};
		43BEC09B1CE9778F00CA2896 = {
			isa = PBXGroup;
			children = (
				43BEC0A61CE9778F00CA2896 /* LearnersQuiz */,
				43BEC0A51CE9778F00CA2896 /* Products */,
			);
			sourceTree = "<group>";
		};
		43BEC0A51CE9778F00CA2896 /* Products */ = {
			isa = PBXGroup;
			children = (
				43BEC0A41CE9778F00CA2896 /* LearnersQuiz.app */,
			);
			name = Products;
			sourceTree = "<group>";
		};
		43BEC0A61CE9778F00CA2896 /* LearnersQuiz */ = {
			isa = PBXGroup;
			children = (
				43BEC0A71CE9778F00CA2896 /* AppDelegate.swift */,
				431D35131D2720F700AA78E6 /* Models */,
				431D35121D2720D400AA78E6 /* View Controllers */,
				431D35101D27209600AA78E6 /* Data */,
				43BEC0AB1CE9778F00CA2896 /* Main.storyboard */,
				43BEC0AE1CE9778F00CA2896 /* Assets.xcassets */,
				43BEC0B01CE9778F00CA2896 /* LaunchScreen.storyboard */,
				43BEC0B31CE9778F00CA2896 /* Info.plist */,
			);
			path = LearnersQuiz;
			sourceTree = "<group>";
		};
/* End PBXGroup section */

/* Begin PBXNativeTarget section */
		43BEC0A31CE9778F00CA2896 /* LearnersQuiz */ = {
			isa = PBXNativeTarget;
			buildConfigurationList = 43BEC0B61CE9778F00CA2896 /* Build configuration list for PBXNativeTarget "LearnersQuiz" */;
			buildPhases = (
				43BEC0A01CE9778F00CA2896 /* Sources */,
				43BEC0A11CE9778F00CA2896 /* Frameworks */,
				43BEC0A21CE9778F00CA2896 /* Resources */,
			);
			buildRules = (
			);
			dependencies = (
			);
			name = LearnersQuiz;
			productName = LearnersQuiz;
			productReference = 43BEC0A41CE9778F00CA2896 /* LearnersQuiz.app */;
			productType = "com.apple.product-type.application";
		};
/* End PBXNativeTarget section */

/* Begin PBXProject section */
		43BEC09C1CE9778F00CA2896 /* Project object */ = {
			isa = PBXProject;
			attributes = {
				LastSwiftUpdateCheck = 0730;
				LastUpgradeCheck = 0730;
				ORGANIZATIONNAME = "Sherry Yuan";
				TargetAttributes = {
					43BEC0A31CE9778F00CA2896 = {
						CreatedOnToolsVersion = 7.3;
					};
				};
			};
			buildConfigurationList = 43BEC09F1CE9778F00CA2896 /* Build configuration list for PBXProject "LearnersQuiz" */;
			compatibilityVersion = "Xcode 3.2";
			developmentRegion = English;
			hasScannedForEncodings = 0;
			knownRegions = (
				en,
				Base,
			);
			mainGroup = 43BEC09B1CE9778F00CA2896;
			productRefGroup = 43BEC0A51CE9778F00CA2896 /* Products */;
			projectDirPath = "";
			projectRoot = "";
			targets = (
				43BEC0A31CE9778F00CA2896 /* LearnersQuiz */,
			);
		};
/* End PBXProject section */

/* Begin PBXResourcesBuildPhase section */
		43BEC0A21CE9778F00CA2896 /* Resources */ = {
			isa = PBXResourcesBuildPhase;
			buildActionMask = 2147483647;
			files = (
				43BEC0B21CE9778F00CA2896 /* LaunchScreen.storyboard in Resources */,
				43BEC0AF1CE9778F00CA2896 /* Assets.xcassets in Resources */,
				43BEC0AD1CE9778F00CA2896 /* Main.storyboard in Resources */,
			);
			runOnlyForDeploymentPostprocessing = 0;
		};
/* End PBXResourcesBuildPhase section */

/* Begin PBXSourcesBuildPhase section */
		43BEC0A01CE9778F00CA2896 /* Sources */ = {
			isa = PBXSourcesBuildPhase;
			buildActionMask = 2147483647;
			files = (
				43BEC0AA1CE9778F00CA2896 /* QuizViewController.swift in Sources */,
				43BEC0BA1CE97A9400CA2896 /* QuizModel.swift in Sources */,
				CD8532721CF160B6000DDBB8 /* Sign.swift in Sources */,
				43705B921D0A25E60041A5B4 /* FinishScreenViewController.swift in Sources */,
				43BEC0A81CE9778F00CA2896 /* AppDelegate.swift in Sources */,
				431D350C1D271E9A00AA78E6 /* StringConstants.swift in Sources */,
				431D350E1D271F7800AA78E6 /* QuestionBank.swift in Sources */,
			);
			runOnlyForDeploymentPostprocessing = 0;
		};
/* End PBXSourcesBuildPhase section */

/* Begin PBXVariantGroup section */
		43BEC0AB1CE9778F00CA2896 /* Main.storyboard */ = {
			isa = PBXVariantGroup;
			children = (
				43BEC0AC1CE9778F00CA2896 /* Base */,
			);
			name = Main.storyboard;
			sourceTree = "<group>";
		};
		43BEC0B01CE9778F00CA2896 /* LaunchScreen.storyboard */ = {
			isa = PBXVariantGroup;
			children = (
				43BEC0B11CE9778F00CA2896 /* Base */,
			);
			name = LaunchScreen.storyboard;
			sourceTree = "<group>";
		};
/* End PBXVariantGroup section */

/* Begin XCBuildConfiguration section */
		43BEC0B41CE9778F00CA2896 /* Debug */ = {
			isa = XCBuildConfiguration;
			buildSettings = {
				ALWAYS_SEARCH_USER_PATHS = NO;
				CLANG_ANALYZER_NONNULL = YES;
				CLANG_CXX_LANGUAGE_STANDARD = "gnu++0x";
				CLANG_CXX_LIBRARY = "libc++";
				CLANG_ENABLE_MODULES = YES;
				CLANG_ENABLE_OBJC_ARC = YES;
				CLANG_WARN_BOOL_CONVERSION = YES;
				CLANG_WARN_CONSTANT_CONVERSION = YES;
				CLANG_WARN_DIRECT_OBJC_ISA_USAGE = YES_ERROR;
				CLANG_WARN_EMPTY_BODY = YES;
				CLANG_WARN_ENUM_CONVERSION = YES;
				CLANG_WARN_INT_CONVERSION = YES;
				CLANG_WARN_OBJC_ROOT_CLASS = YES_ERROR;
				CLANG_WARN_UNREACHABLE_CODE = YES;
				CLANG_WARN__DUPLICATE_METHOD_MATCH = YES;
				"CODE_SIGN_IDENTITY[sdk=iphoneos*]" = "iPhone Developer";
				COPY_PHASE_STRIP = NO;
				DEBUG_INFORMATION_FORMAT = dwarf;
				ENABLE_STRICT_OBJC_MSGSEND = YES;
				ENABLE_TESTABILITY = YES;
				GCC_C_LANGUAGE_STANDARD = gnu99;
				GCC_DYNAMIC_NO_PIC = NO;
				GCC_NO_COMMON_BLOCKS = YES;
				GCC_OPTIMIZATION_LEVEL = 0;
				GCC_PREPROCESSOR_DEFINITIONS = (
					"DEBUG=1",
					"$(inherited)",
				);
				GCC_WARN_64_TO_32_BIT_CONVERSION = YES;
				GCC_WARN_ABOUT_RETURN_TYPE = YES_ERROR;
				GCC_WARN_UNDECLARED_SELECTOR = YES;
				GCC_WARN_UNINITIALIZED_AUTOS = YES_AGGRESSIVE;
				GCC_WARN_UNUSED_FUNCTION = YES;
				GCC_WARN_UNUSED_VARIABLE = YES;
				IPHONEOS_DEPLOYMENT_TARGET = 9.3;
				MTL_ENABLE_DEBUG_INFO = YES;
				ONLY_ACTIVE_ARCH = YES;
				SDKROOT = iphoneos;
				SWIFT_OPTIMIZATION_LEVEL = "-Onone";
				TARGETED_DEVICE_FAMILY = "1,2";
			};
			name = Debug;
		};
		43BEC0B51CE9778F00CA2896 /* Release */ = {
			isa = XCBuildConfiguration;
			buildSettings = {
				ALWAYS_SEARCH_USER_PATHS = NO;
				CLANG_ANALYZER_NONNULL = YES;
				CLANG_CXX_LANGUAGE_STANDARD = "gnu++0x";
				CLANG_CXX_LIBRARY = "libc++";
				CLANG_ENABLE_MODULES = YES;
				CLANG_ENABLE_OBJC_ARC = YES;
				CLANG_WARN_BOOL_CONVERSION = YES;
				CLANG_WARN_CONSTANT_CONVERSION = YES;
				CLANG_WARN_DIRECT_OBJC_ISA_USAGE = YES_ERROR;
				CLANG_WARN_EMPTY_BODY = YES;
				CLANG_WARN_ENUM_CONVERSION = YES;
				CLANG_WARN_INT_CONVERSION = YES;
				CLANG_WARN_OBJC_ROOT_CLASS = YES_ERROR;
				CLANG_WARN_UNREACHABLE_CODE = YES;
				CLANG_WARN__DUPLICATE_METHOD_MATCH = YES;
				"CODE_SIGN_IDENTITY[sdk=iphoneos*]" = "iPhone Developer";
				COPY_PHASE_STRIP = NO;
				DEBUG_INFORMATION_FORMAT = "dwarf-with-dsym";
				ENABLE_NS_ASSERTIONS = NO;
				ENABLE_STRICT_OBJC_MSGSEND = YES;
				GCC_C_LANGUAGE_STANDARD = gnu99;
				GCC_NO_COMMON_BLOCKS = YES;
				GCC_WARN_64_TO_32_BIT_CONVERSION = YES;
				GCC_WARN_ABOUT_RETURN_TYPE = YES_ERROR;
				GCC_WARN_UNDECLARED_SELECTOR = YES;
				GCC_WARN_UNINITIALIZED_AUTOS = YES_AGGRESSIVE;
				GCC_WARN_UNUSED_FUNCTION = YES;
				GCC_WARN_UNUSED_VARIABLE = YES;
				IPHONEOS_DEPLOYMENT_TARGET = 9.3;
				MTL_ENABLE_DEBUG_INFO = NO;
				SDKROOT = iphoneos;
				TARGETED_DEVICE_FAMILY = "1,2";
				VALIDATE_PRODUCT = YES;
			};
			name = Release;
		};
		43BEC0B71CE9778F00CA2896 /* Debug */ = {
			isa = XCBuildConfiguration;
			buildSettings = {
				ASSETCATALOG_COMPILER_APPICON_NAME = AppIcon;
				INFOPLIST_FILE = LearnersQuiz/Info.plist;
				LD_RUNPATH_SEARCH_PATHS = "$(inherited) @executable_path/Frameworks";
				PRODUCT_BUNDLE_IDENTIFIER = ca.ubc.cs.t2z9a.LearnersQuiz;
				PRODUCT_NAME = "$(TARGET_NAME)";
			};
			name = Debug;
		};
		43BEC0B81CE9778F00CA2896 /* Release */ = {
			isa = XCBuildConfiguration;
			buildSettings = {
				ASSETCATALOG_COMPILER_APPICON_NAME = AppIcon;
				INFOPLIST_FILE = LearnersQuiz/Info.plist;
				LD_RUNPATH_SEARCH_PATHS = "$(inherited) @executable_path/Frameworks";
				PRODUCT_BUNDLE_IDENTIFIER = ca.ubc.cs.t2z9a.LearnersQuiz;
				PRODUCT_NAME = "$(TARGET_NAME)";
			};
			name = Release;
		};
/* End XCBuildConfiguration section */

/* Begin XCConfigurationList section */
		43BEC09F1CE9778F00CA2896 /* Build configuration list for PBXProject "LearnersQuiz" */ = {
			isa = XCConfigurationList;
			buildConfigurations = (
				43BEC0B41CE9778F00CA2896 /* Debug */,
				43BEC0B51CE9778F00CA2896 /* Release */,
			);
			defaultConfigurationIsVisible = 0;
			defaultConfigurationName = Release;
		};
		43BEC0B61CE9778F00CA2896 /* Build configuration list for PBXNativeTarget "LearnersQuiz" */ = {
			isa = XCConfigurationList;
			buildConfigurations = (
				43BEC0B71CE9778F00CA2896 /* Debug */,
				43BEC0B81CE9778F00CA2896 /* Release */,
			);
			defaultConfigurationIsVisible = 0;
			defaultConfigurationName = Release;
		};
/* End XCConfigurationList section */
	};
	rootObject = 43BEC09C1CE9778F00CA2896 /* Project object */;
}
